{
  "name": "ewt-exam-answers-getter",
  "version": "0.1.1",
  "lockfileVersion": 2,
  "requires": true,
  "packages": {
    "": {
      "name": "ewt-exam-answers-getter",
      "version": "0.1.1",
      "license": "GPL-3.0",
      "devDependencies": {
        "@types/node": "^14.11.2",
        "typescript": "^4.0.3"
      }
    },
    "node_modules/@types/node": {
      "version": "14.18.26",
      "resolved": "https://registry.npmjs.org/@types/node/-/node-14.18.26.tgz",
      "integrity": "sha512-0b+utRBSYj8L7XAp0d+DX7lI4cSmowNaaTkk6/1SKzbKkG+doLuPusB9EOvzLJ8ahJSk03bTLIL6cWaEd4dBKA==",
      "dev": true
    },
    "node_modules/typescript": {
      "version": "4.8.2",
      "resolved": "https://registry.npmjs.org/typescript/-/typescript-4.8.2.tgz",
      "integrity": "sha512-C0I1UsrrDHo2fYI5oaCGbSejwX4ch+9Y5jTQELvovfmFkK3HHSZJB8MSJcWLmCUBzQBchCrZ9rMRV6GuNrvGtw==",
      "dev": true,
      "bin": {
        "tsc": "bin/tsc",
        "tsserver": "bin/tsserver"
      },
      "engines": {
        "node": ">=4.2.0"
      }
    }
  },
  "dependencies": {
    "@types/node": {
      "version": "14.18.26",
      "resolved": "https://registry.npmjs.org/@types/node/-/node-14.18.26.tgz",
      "integrity": "sha512-0b+utRBSYj8L7XAp0d+DX7lI4cSmowNaaTkk6/1SKzbKkG+doLuPusB9EOvzLJ8ahJSk03bTLIL6cWaEd4dBKA==",
      "dev": true
    },
    "typescript": {
      "version": "4.8.2",
      "resolved": "https://registry.npmjs.org/typescript/-/typescript-4.8.2.tgz",
      "integrity": "sha512-C0I1UsrrDHo2fYI5oaCGbSejwX4ch+9Y5jTQELvovfmFkK3HHSZJB8MSJcWLmCUBzQBchCrZ9rMRV6GuNrvGtw==",
      "dev": true
    }
  }
}
